
Microsoft Visual Studio Solution File, Format Version 12.00
# Visual Studio Version 16
VisualStudioVersion = 16.0.31019.35
MinimumVisualStudioVersion = 10.0.40219.1
Project("{FAE04EC0-301F-11D3-BF4B-00C04F79EFBC}") = "SIS.HTTP", "SIS.Http\SIS.HTTP.csproj", "{DFC02D3D-6FDB-448A-BED0-81574CF5A9A9}"
EndProject
Project("{FAE04EC0-301F-11D3-BF4B-00C04F79EFBC}") = "SIS.MvcFramework", "SIS.MvcFramework\SIS.MvcFramework.csproj", "{3FEC7C04-707F-4393-AC7E-4521AE866CC8}"
EndProject
Project("{FAE04EC0-301F-11D3-BF4B-00C04F79EFBC}") = "DemoApp", "DemoApp\DemoApp.csproj", "{66BCCC41-A140-4410-AB26-F296FAB5CD64}"
EndProject
Project("{FAE04EC0-301F-11D3-BF4B-00C04F79EFBC}") = "SulsApp", "SulsApp\SulsApp.csproj", "{F93D3BE3-E5CC-40A6-8A7E-8A7A9137EAD9}"
EndProject
Project("{FAE04EC0-301F-11D3-BF4B-00C04F79EFBC}") = "SIS.MvcFramework.Tests", "SIS.MvcFramework.Tests\SIS.MvcFramework.Tests.csproj", "{31C6B589-1B49-485C-AACA-6B35E6E03B12}"
EndProject
Global
	GlobalSection(SolutionConfigurationPlatforms) = preSolution
		Debug|Any CPU = Debug|Any CPU
		Release|Any CPU = Release|Any CPU
	EndGlobalSection
	GlobalSection(ProjectConfigurationPlatforms) = postSolution
		{DFC02D3D-6FDB-448A-BED0-81574CF5A9A9}.Debug|Any CPU.ActiveCfg = Debug|Any CPU
		{DFC02D3D-6FDB-448A-BED0-81574CF5A9A9}.Debug|Any CPU.Build.0 = Debug|Any CPU
		{DFC02D3D-6FDB-448A-BED0-81574CF5A9A9}.Release|Any CPU.ActiveCfg = Release|Any CPU
		{DFC02D3D-6FDB-448A-BED0-81574CF5A9A9}.Release|Any CPU.Build.0 = Release|Any CPU
		{3FEC7C04-707F-4393-AC7E-4521AE866CC8}.Debug|Any CPU.ActiveCfg = Debug|Any CPU
		{3FEC7C04-707F-4393-AC7E-4521AE866CC8}.Debug|Any CPU.Build.0 = Debug|Any CPU
		{3FEC7C04-707F-4393-AC7E-4521AE866CC8}.Release|Any CPU.ActiveCfg = Release|Any CPU
		{3FEC7C04-707F-4393-AC7E-4521AE866CC8}.Release|Any CPU.Build.0 = Release|Any CPU
		{66BCCC41-A140-4410-AB26-F296FAB5CD64}.Debug|Any CPU.ActiveCfg = Debug|Any CPU
		{66BCCC41-A140-4410-AB26-F296FAB5CD64}.Debug|Any CPU.Build.0 = Debug|Any CPU
		{66BCCC41-A140-4410-AB26-F296FAB5CD64}.Release|Any CPU.ActiveCfg = Release|Any CPU
		{66BCCC41-A140-4410-AB26-F296FAB5CD64}.Release|Any CPU.Build.0 = Release|Any CPU
		{F93D3BE3-E5CC-40A6-8A7E-8A7A9137EAD9}.Debug|Any CPU.ActiveCfg = Debug|Any CPU
		{F93D3BE3-E5CC-40A6-8A7E-8A7A9137EAD9}.Debug|Any CPU.Build.0 = Debug|Any CPU
		{F93D3BE3-E5CC-40A6-8A7E-8A7A9137EAD9}.Release|Any CPU.ActiveCfg = Release|Any CPU
		{F93D3BE3-E5CC-40A6-8A7E-8A7A9137EAD9}.Release|Any CPU.Build.0 = Release|Any CPU
		{31C6B589-1B49-485C-AACA-6B35E6E03B12}.Debug|Any CPU.ActiveCfg = Debug|Any CPU
		{31C6B589-1B49-485C-AACA-6B35E6E03B12}.Debug|Any CPU.Build.0 = Debug|Any CPU
		{31C6B589-1B49-485C-AACA-6B35E6E03B12}.Release|Any CPU.ActiveCfg = Release|Any CPU
		{31C6B589-1B49-485C-AACA-6B35E6E03B12}.Release|Any CPU.Build.0 = Release|Any CPU
	EndGlobalSection
	GlobalSection(SolutionProperties) = preSolution
		HideSolutionNode = FALSE
	EndGlobalSection
	GlobalSection(ExtensibilityGlobals) = postSolution
		SolutionGuid = {899F43E2-554D-4878-9590-98119CFB8718}
	EndGlobalSection
EndGlobal
